// !$*UTF8*$!
{
	archiveVersion = 1;
	classes = {
	};
	objectVersion = 50;
	objects = {

/* Begin PBXBuildFile section */
		BA87F588235152AB00CD8995 /* AppDelegate.swift in Sources */ = {isa = PBXBuildFile; fileRef = BA87F587235152AB00CD8995 /* AppDelegate.swift */; };
		BA87F58A235152AB00CD8995 /* ViewController.swift in Sources */ = {isa = PBXBuildFile; fileRef = BA87F589235152AB00CD8995 /* ViewController.swift */; };
		BA87F58D235152AB00CD8995 /* Main.storyboard in Resources */ = {isa = PBXBuildFile; fileRef = BA87F58B235152AB00CD8995 /* Main.storyboard */; };
		BA87F590235152AB00CD8995 /* DoubanBooks.xcdatamodeld in Sources */ = {isa = PBXBuildFile; fileRef = BA87F58E235152AB00CD8995 /* DoubanBooks.xcdatamodeld */; };
		BA87F592235152B600CD8995 /* Assets.xcassets in Resources */ = {isa = PBXBuildFile; fileRef = BA87F591235152B600CD8995 /* Assets.xcassets */; };
		BA87F595235152B600CD8995 /* LaunchScreen.storyboard in Resources */ = {isa = PBXBuildFile; fileRef = BA87F593235152B600CD8995 /* LaunchScreen.storyboard */; };
		BA87F5A0235152B700CD8995 /* DoubanBooksTests.swift in Sources */ = {isa = PBXBuildFile; fileRef = BA87F59F235152B700CD8995 /* DoubanBooksTests.swift */; };
/* End PBXBuildFile section */

/* Begin PBXContainerItemProxy section */
		BA87F59C235152B700CD8995 /* PBXContainerItemProxy */ = {
			isa = PBXContainerItemProxy;
			containerPortal = BA87F57C235152AB00CD8995 /* Project object */;
			proxyType = 1;
			remoteGlobalIDString = BA87F583235152AB00CD8995;
			remoteInfo = DoubanBooks;
		};
/* End PBXContainerItemProxy section */

/* Begin PBXFileReference section */
		BA87F584235152AB00CD8995 /* DoubanBooks.app */ = {isa = PBXFileReference; explicitFileType = wrapper.application; includeInIndex = 0; path = DoubanBooks.app; sourceTree = BUILT_PRODUCTS_DIR; };
		BA87F587235152AB00CD8995 /* AppDelegate.swift */ = {isa = PBXFileReference; lastKnownFileType = sourcecode.swift; path = AppDelegate.swift; sourceTree = "<group>"; };
		BA87F589235152AB00CD8995 /* ViewController.swift */ = {isa = PBXFileReference; lastKnownFileType = sourcecode.swift; path = ViewController.swift; sourceTree = "<group>"; };
		BA87F58C235152AB00CD8995 /* Base */ = {isa = PBXFileReference; lastKnownFileType = file.storyboard; name = Base; path = Base.lproj/Main.storyboard; sourceTree = "<group>"; };
		BA87F58F235152AB00CD8995 /* DoubanBooks.xcdatamodel */ = {isa = PBXFileReference; lastKnownFileType = wrapper.xcdatamodel; path = DoubanBooks.xcdatamodel; sourceTree = "<group>"; };
		BA87F591235152B600CD8995 /* Assets.xcassets */ = {isa = PBXFileReference; lastKnownFileType = folder.assetcatalog; path = Assets.xcassets; sourceTree = "<group>"; };
		BA87F594235152B600CD8995 /* Base */ = {isa = PBXFileReference; lastKnownFileType = file.storyboard; name = Base; path = Base.lproj/LaunchScreen.storyboard; sourceTree = "<group>"; };
		BA87F596235152B600CD8995 /* Info.plist */ = {isa = PBXFileReference; lastKnownFileType = text.plist.xml; path = Info.plist; sourceTree = "<group>"; };
		BA87F59B235152B700CD8995 /* DoubanBooksTests.xctest */ = {isa = PBXFileReference; explicitFileType = wrapper.cfbundle; includeInIndex = 0; path = DoubanBooksTests.xctest; sourceTree = BUILT_PRODUCTS_DIR; };
		BA87F59F235152B700CD8995 /* DoubanBooksTests.swift */ = {isa = PBXFileReference; lastKnownFileType = sourcecode.swift; path = DoubanBooksTests.swift; sourceTree = "<group>"; };
		BA87F5A1235152B700CD8995 /* Info.plist */ = {isa = PBXFileReference; lastKnownFileType = text.plist.xml; path = Info.plist; sourceTree = "<group>"; };
/* End PBXFileReference section */

/* Begin PBXFrameworksBuildPhase section */
		BA87F581235152AB00CD8995 /* Frameworks */ = {
			isa = PBXFrameworksBuildPhase;
			buildActionMask = 2147483647;
			files = (
			);
			runOnlyForDeploymentPostprocessing = 0;
		};
		BA87F598235152B700CD8995 /* Frameworks */ = {
			isa = PBXFrameworksBuildPhase;
			buildActionMask = 2147483647;
			files = (
			);
			runOnlyForDeploymentPostprocessing = 0;
		};
/* End PBXFrameworksBuildPhase section */

/* Begin PBXGroup section */
		BA87F57B235152AB00CD8995 = {
			isa = PBXGroup;
			children = (
				BA87F586235152AB00CD8995 /* DoubanBooks */,
				BA87F59E235152B700CD8995 /* DoubanBooksTests */,
				BA87F585235152AB00CD8995 /* Products */,
			);
			sourceTree = "<group>";
		};
		BA87F585235152AB00CD8995 /* Products */ = {
			isa = PBXGroup;
			children = (
				BA87F584235152AB00CD8995 /* DoubanBooks.app */,
				BA87F59B235152B700CD8995 /* DoubanBooksTests.xctest */,
			);
			name = Products;
			sourceTree = "<group>";
		};
		BA87F586235152AB00CD8995 /* DoubanBooks */ = {
			isa = PBXGroup;
			children = (
				BA87F587235152AB00CD8995 /* AppDelegate.swift */,
				BA87F589235152AB00CD8995 /* ViewController.swift */,
				BA87F58B235152AB00CD8995 /* Main.storyboard */,
				BA87F591235152B600CD8995 /* Assets.xcassets */,
				BA87F593235152B600CD8995 /* LaunchScreen.storyboard */,
				BA87F596235152B600CD8995 /* Info.plist */,
				BA87F58E235152AB00CD8995 /* DoubanBooks.xcdatamodeld */,
			);
			path = DoubanBooks;
			sourceTree = "<group>";
		};
		BA87F59E235152B700CD8995 /* DoubanBooksTests */ = {
			isa = PBXGroup;
			children = (
				BA87F59F235152B700CD8995 /* DoubanBooksTests.swift */,
				BA87F5A1235152B700CD8995 /* Info.plist */,
			);
			path = DoubanBooksTests;
			sourceTree = "<group>";
		};
/* End PBXGroup section */

/* Begin PBXNativeTarget section */
		BA87F583235152AB00CD8995 /* DoubanBooks */ = {
			isa = PBXNativeTarget;
			buildConfigurationList = BA87F5A4235152B700CD8995 /* Build configuration list for PBXNativeTarget "DoubanBooks" */;
			buildPhases = (
				BA87F580235152AB00CD8995 /* Sources */,
				BA87F581235152AB00CD8995 /* Frameworks */,
				BA87F582235152AB00CD8995 /* Resources */,
			);
			buildRules = (
			);
			dependencies = (
			);
			name = DoubanBooks;
			productName = DoubanBooks;
			productReference = BA87F584235152AB00CD8995 /* DoubanBooks.app */;
			productType = "com.apple.product-type.application";
		};
		BA87F59A235152B700CD8995 /* DoubanBooksTests */ = {
			isa = PBXNativeTarget;
			buildConfigurationList = BA87F5A7235152B700CD8995 /* Build configuration list for PBXNativeTarget "DoubanBooksTests" */;
			buildPhases = (
				BA87F597235152B700CD8995 /* Sources */,
				BA87F598235152B700CD8995 /* Frameworks */,
				BA87F599235152B700CD8995 /* Resources */,
			);
			buildRules = (
			);
			dependencies = (
				BA87F59D235152B700CD8995 /* PBXTargetDependency */,
			);
			name = DoubanBooksTests;
			productName = DoubanBooksTests;
			productReference = BA87F59B235152B700CD8995 /* DoubanBooksTests.xctest */;
			productType = "com.apple.product-type.bundle.unit-test";
		};
/* End PBXNativeTarget section */

/* Begin PBXProject section */
		BA87F57C235152AB00CD8995 /* Project object */ = {
			isa = PBXProject;
			attributes = {
				LastSwiftUpdateCheck = 1010;
				LastUpgradeCheck = 1010;
				ORGANIZATIONNAME = wang;
				TargetAttributes = {
					BA87F583235152AB00CD8995 = {
						CreatedOnToolsVersion = 10.1;
					};
					BA87F59A235152B700CD8995 = {
						CreatedOnToolsVersion = 10.1;
						TestTargetID = BA87F583235152AB00CD8995;
					};
				};
			};
			buildConfigurationList = BA87F57F235152AB00CD8995 /* Build configuration list for PBXProject "DoubanBooks" */;
			compatibilityVersion = "Xcode 9.3";
			developmentRegion = en;
			hasScannedForEncodings = 0;
			knownRegions = (
				en,
				Base,
			);
			mainGroup = BA87F57B235152AB00CD8995;
			productRefGroup = BA87F585235152AB00CD8995 /* Products */;
			projectDirPath = "";
			projectRoot = "";
			targets = (
				BA87F583235152AB00CD8995 /* DoubanBooks */,
				BA87F59A235152B700CD8995 /* DoubanBooksTests */,
			);
		};
/* End PBXProject section */

/* Begin PBXResourcesBuildPhase section */
		BA87F582235152AB00CD8995 /* Resources */ = {
			isa = PBXResourcesBuildPhase;
			buildActionMask = 2147483647;
			files = (
				BA87F595235152B600CD8995 /* LaunchScreen.storyboard in Resources */,
				BA87F592235152B600CD8995 /* Assets.xcassets in Resources */,
				BA87F58D235152AB00CD8995 /* Main.storyboard in Resources */,
			);
			runOnlyForDeploymentPostprocessing = 0;
		};
		BA87F599235152B700CD8995 /* Resources */ = {
			isa = PBXResourcesBuildPhase;
			buildActionMask = 2147483647;
			files = (
			);
			runOnlyForDeploymentPostprocessing = 0;
		};
/* End PBXResourcesBuildPhase section */

/* Begin PBXSourcesBuildPhase section */
		BA87F580235152AB00CD8995 /* Sources */ = {
			isa = PBXSourcesBuildPhase;
			buildActionMask = 2147483647;
			files = (
				BA87F58A235152AB00CD8995 /* ViewController.swift in Sources */,
				BA87F590235152AB00CD8995 /* DoubanBooks.xcdatamodeld in Sources */,
				BA87F588235152AB00CD8995 /* AppDelegate.swift in Sources */,
			);
			runOnlyForDeploymentPostprocessing = 0;
		};
		BA87F597235152B700CD8995 /* Sources */ = {
			isa = PBXSourcesBuildPhase;
			buildActionMask = 2147483647;
			files = (
				BA87F5A0235152B700CD8995 /* DoubanBooksTests.swift in Sources */,
			);
			runOnlyForDeploymentPostprocessing = 0;
		};
/* End PBXSourcesBuildPhase section */

/* Begin PBXTargetDependency section */
		BA87F59D235152B700CD8995 /* PBXTargetDependency */ = {
			isa = PBXTargetDependency;
			target = BA87F583235152AB00CD8995 /* DoubanBooks */;
			targetProxy = BA87F59C235152B700CD8995 /* PBXContainerItemProxy */;
		};
/* End PBXTargetDependency section */

/* Begin PBXVariantGroup section */
		BA87F58B235152AB00CD8995 /* Main.storyboard */ = {
			isa = PBXVariantGroup;
			children = (
				BA87F58C235152AB00CD8995 /* Base */,
			);
			name = Main.storyboard;
			sourceTree = "<group>";
		};
		BA87F593235152B600CD8995 /* LaunchScreen.storyboard */ = {
			isa = PBXVariantGroup;
			children = (
				BA87F594235152B600CD8995 /* Base */,
			);
			name = LaunchScreen.storyboard;
			sourceTree = "<group>";
		};
/* End PBXVariantGroup section */

/* Begin XCBuildConfiguration section */
		BA87F5A2235152B700CD8995 /* Debug */ = {
			isa = XCBuildConfiguration;
			buildSettings = {
				ALWAYS_SEARCH_USER_PATHS = NO;
				CLANG_ANALYZER_NONNULL = YES;
				CLANG_ANALYZER_NUMBER_OBJECT_CONVERSION = YES_AGGRESSIVE;
				CLANG_CXX_LANGUAGE_STANDARD = "gnu++14";
				CLANG_CXX_LIBRARY = "libc++";
				CLANG_ENABLE_MODULES = YES;
				CLANG_ENABLE_OBJC_ARC = YES;
				CLANG_ENABLE_OBJC_WEAK = YES;
				CLANG_WARN_BLOCK_CAPTURE_AUTORELEASING = YES;
				CLANG_WARN_BOOL_CONVERSION = YES;
				CLANG_WARN_COMMA = YES;
				CLANG_WARN_CONSTANT_CONVERSION = YES;
				CLANG_WARN_DEPRECATED_OBJC_IMPLEMENTATIONS = YES;
				CLANG_WARN_DIRECT_OBJC_ISA_USAGE = YES_ERROR;
				CLANG_WARN_DOCUMENTATION_COMMENTS = YES;
				CLANG_WARN_EMPTY_BODY = YES;
				CLANG_WARN_ENUM_CONVERSION = YES;
				CLANG_WARN_INFINITE_RECURSION = YES;
				CLANG_WARN_INT_CONVERSION = YES;
				CLANG_WARN_NON_LITERAL_NULL_CONVERSION = YES;
				CLANG_WARN_OBJC_IMPLICIT_RETAIN_SELF = YES;
				CLANG_WARN_OBJC_LITERAL_CONVERSION = YES;
				CLANG_WARN_OBJC_ROOT_CLASS = YES_ERROR;
				CLANG_WARN_RANGE_LOOP_ANALYSIS = YES;
				CLANG_WARN_STRICT_PROTOTYPES = YES;
				CLANG_WARN_SUSPICIOUS_MOVE = YES;
				CLANG_WARN_UNGUARDED_AVAILABILITY = YES_AGGRESSIVE;
				CLANG_WARN_UNREACHABLE_CODE = YES;
				CLANG_WARN__DUPLICATE_METHOD_MATCH = YES;
				CODE_SIGN_IDENTITY = "iPhone Developer";
				COPY_PHASE_STRIP = NO;
				DEBUG_INFORMATION_FORMAT = dwarf;
				ENABLE_STRICT_OBJC_MSGSEND = YES;
				ENABLE_TESTABILITY = YES;
				GCC_C_LANGUAGE_STANDARD = gnu11;
				GCC_DYNAMIC_NO_PIC = NO;
				GCC_NO_COMMON_BLOCKS = YES;
				GCC_OPTIMIZATION_LEVEL = 0;
				GCC_PREPROCESSOR_DEFINITIONS = (
					"DEBUG=1",
					"$(inherited)",
				);
				GCC_WARN_64_TO_32_BIT_CONVERSION = YES;
				GCC_WARN_ABOUT_RETURN_TYPE = YES_ERROR;
				GCC_WARN_UNDECLARED_SELECTOR = YES;
				GCC_WARN_UNINITIALIZED_AUTOS = YES_AGGRESSIVE;
				GCC_WARN_UNUSED_FUNCTION = YES;
				GCC_WARN_UNUSED_VARIABLE = YES;
				IPHONEOS_DEPLOYMENT_TARGET = 12.1;
				MTL_ENABLE_DEBUG_INFO = INCLUDE_SOURCE;
				MTL_FAST_MATH = YES;
				ONLY_ACTIVE_ARCH = YES;
				SDKROOT = iphoneos;
				SWIFT_ACTIVE_COMPILATION_CONDITIONS = DEBUG;
				SWIFT_OPTIMIZATION_LEVEL = "-Onone";
			};
			name = Debug;
		};
		BA87F5A3235152B700CD8995 /* Release */ = {
			isa = XCBuildConfiguration;
			buildSettings = {
				ALWAYS_SEARCH_USER_PATHS = NO;
				CLANG_ANALYZER_NONNULL = YES;
				CLANG_ANALYZER_NUMBER_OBJECT_CONVERSION = YES_AGGRESSIVE;
				CLANG_CXX_LANGUAGE_STANDARD = "gnu++14";
				CLANG_CXX_LIBRARY = "libc++";
				CLANG_ENABLE_MODULES = YES;
				CLANG_ENABLE_OBJC_ARC = YES;
				CLANG_ENABLE_OBJC_WEAK = YES;
				CLANG_WARN_BLOCK_CAPTURE_AUTORELEASING = YES;
				CLANG_WARN_BOOL_CONVERSION = YES;
				CLANG_WARN_COMMA = YES;
				CLANG_WARN_CONSTANT_CONVERSION = YES;
				CLANG_WARN_DEPRECATED_OBJC_IMPLEMENTATIONS = YES;
				CLANG_WARN_DIRECT_OBJC_ISA_USAGE = YES_ERROR;
				CLANG_WARN_DOCUMENTATION_COMMENTS = YES;
				CLANG_WARN_EMPTY_BODY = YES;
				CLANG_WARN_ENUM_CONVERSION = YES;
				CLANG_WARN_INFINITE_RECURSION = YES;
				CLANG_WARN_INT_CONVERSION = YES;
				CLANG_WARN_NON_LITERAL_NULL_CONVERSION = YES;
				CLANG_WARN_OBJC_IMPLICIT_RETAIN_SELF = YES;
				CLANG_WARN_OBJC_LITERAL_CONVERSION = YES;
				CLANG_WARN_OBJC_ROOT_CLASS = YES_ERROR;
				CLANG_WARN_RANGE_LOOP_ANALYSIS = YES;
				CLANG_WARN_STRICT_PROTOTYPES = YES;
				CLANG_WARN_SUSPICIOUS_MOVE = YES;
				CLANG_WARN_UNGUARDED_AVAILABILITY = YES_AGGRESSIVE;
				CLANG_WARN_UNREACHABLE_CODE = YES;
				CLANG_WARN__DUPLICATE_METHOD_MATCH = YES;
				CODE_SIGN_IDENTITY = "iPhone Developer";
				COPY_PHASE_STRIP = NO;
				DEBUG_INFORMATION_FORMAT = "dwarf-with-dsym";
				ENABLE_NS_ASSERTIONS = NO;
				ENABLE_STRICT_OBJC_MSGSEND = YES;
				GCC_C_LANGUAGE_STANDARD = gnu11;
				GCC_NO_COMMON_BLOCKS = YES;
				GCC_WARN_64_TO_32_BIT_CONVERSION = YES;
				GCC_WARN_ABOUT_RETURN_TYPE = YES_ERROR;
				GCC_WARN_UNDECLARED_SELECTOR = YES;
				GCC_WARN_UNINITIALIZED_AUTOS = YES_AGGRESSIVE;
				GCC_WARN_UNUSED_FUNCTION = YES;
				GCC_WARN_UNUSED_VARIABLE = YES;
				IPHONEOS_DEPLOYMENT_TARGET = 12.1;
				MTL_ENABLE_DEBUG_INFO = NO;
				MTL_FAST_MATH = YES;
				SDKROOT = iphoneos;
				SWIFT_COMPILATION_MODE = wholemodule;
				SWIFT_OPTIMIZATION_LEVEL = "-O";
				VALIDATE_PRODUCT = YES;
			};
			name = Release;
		};
		BA87F5A5235152B700CD8995 /* Debug */ = {
			isa = XCBuildConfiguration;
			buildSettings = {
				ASSETCATALOG_COMPILER_APPICON_NAME = AppIcon;
				CODE_SIGN_STYLE = Automatic;
				INFOPLIST_FILE = DoubanBooks/Info.plist;
				LD_RUNPATH_SEARCH_PATHS = (
					"$(inherited)",
					"@executable_path/Frameworks",
				);
				PRODUCT_BUNDLE_IDENTIFIER = wangjun.DoubanBooks;
				PRODUCT_NAME = "$(TARGET_NAME)";
				SWIFT_VERSION = 4.2;
				TARGETED_DEVICE_FAMILY = "1,2";
			};
			name = Debug;
		};
		BA87F5A6235152B700CD8995 /* Release */ = {
			isa = XCBuildConfiguration;
			buildSettings = {
				ASSETCATALOG_COMPILER_APPICON_NAME = AppIcon;
				CODE_SIGN_STYLE = Automatic;
				INFOPLIST_FILE = DoubanBooks/Info.plist;
				LD_RUNPATH_SEARCH_PATHS = (
					"$(inherited)",
					"@executable_path/Frameworks",
				);
				PRODUCT_BUNDLE_IDENTIFIER = wangjun.DoubanBooks;
				PRODUCT_NAME = "$(TARGET_NAME)";
				SWIFT_VERSION = 4.2;
				TARGETED_DEVICE_FAMILY = "1,2";
			};
			name = Release;
		};
		BA87F5A8235152B700CD8995 /* Debug */ = {
			isa = XCBuildConfiguration;
			buildSettings = {
				ALWAYS_EMBED_SWIFT_STANDARD_LIBRARIES = YES;
				BUNDLE_LOADER = "$(TEST_HOST)";
				CODE_SIGN_STYLE = Automatic;
				INFOPLIST_FILE = DoubanBooksTests/Info.plist;
				LD_RUNPATH_SEARCH_PATHS = (
					"$(inherited)",
					"@executable_path/Frameworks",
					"@loader_path/Frameworks",
				);
				PRODUCT_BUNDLE_IDENTIFIER = wangjun.DoubanBooksTests;
				PRODUCT_NAME = "$(TARGET_NAME)";
				SWIFT_VERSION = 4.2;
				TARGETED_DEVICE_FAMILY = "1,2";
				TEST_HOST = "$(BUILT_PRODUCTS_DIR)/DoubanBooks.app/DoubanBooks";
			};
			name = Debug;
		};
		BA87F5A9235152B700CD8995 /* Release */ = {
			isa = XCBuildConfiguration;
			buildSettings = {
				ALWAYS_EMBED_SWIFT_STANDARD_LIBRARIES = YES;
				BUNDLE_LOADER = "$(TEST_HOST)";
				CODE_SIGN_STYLE = Automatic;
				INFOPLIST_FILE = DoubanBooksTests/Info.plist;
				LD_RUNPATH_SEARCH_PATHS = (
					"$(inherited)",
					"@executable_path/Frameworks",
					"@loader_path/Frameworks",
				);
				PRODUCT_BUNDLE_IDENTIFIER = wangjun.DoubanBooksTests;
				PRODUCT_NAME = "$(TARGET_NAME)";
				SWIFT_VERSION = 4.2;
				TARGETED_DEVICE_FAMILY = "1,2";
				TEST_HOST = "$(BUILT_PRODUCTS_DIR)/DoubanBooks.app/DoubanBooks";
			};
			name = Release;
		};
/* End XCBuildConfiguration section */

/* Begin XCConfigurationList section */
		BA87F57F235152AB00CD8995 /* Build configuration list for PBXProject "DoubanBooks" */ = {
			isa = XCConfigurationList;
			buildConfigurations = (
				BA87F5A2235152B700CD8995 /* Debug */,
				BA87F5A3235152B700CD8995 /* Release */,
			);
			defaultConfigurationIsVisible = 0;
			defaultConfigurationName = Release;
		};
		BA87F5A4235152B700CD8995 /* Build configuration list for PBXNativeTarget "DoubanBooks" */ = {
			isa = XCConfigurationList;
			buildConfigurations = (
				BA87F5A5235152B700CD8995 /* Debug */,
				BA87F5A6235152B700CD8995 /* Release */,
			);
			defaultConfigurationIsVisible = 0;
			defaultConfigurationName = Release;
		};
		BA87F5A7235152B700CD8995 /* Build configuration list for PBXNativeTarget "DoubanBooksTests" */ = {
			isa = XCConfigurationList;
			buildConfigurations = (
				BA87F5A8235152B700CD8995 /* Debug */,
				BA87F5A9235152B700CD8995 /* Release */,
			);
			defaultConfigurationIsVisible = 0;
			defaultConfigurationName = Release;
		};
/* End XCConfigurationList section */

/* Begin XCVersionGroup section */
		BA87F58E235152AB00CD8995 /* DoubanBooks.xcdatamodeld */ = {
			isa = XCVersionGroup;
			children = (
				BA87F58F235152AB00CD8995 /* DoubanBooks.xcdatamodel */,
			);
			currentVersion = BA87F58F235152AB00CD8995 /* DoubanBooks.xcdatamodel */;
			path = DoubanBooks.xcdatamodeld;
			sourceTree = "<group>";
			versionGroupType = wrapper.xcdatamodel;
		};
/* End XCVersionGroup section */
	};
	rootObject = BA87F57C235152AB00CD8995 /* Project object */;
}
